
Microsoft Visual Studio Solution File, Format Version 12.00
# Visual Studio Version 16
VisualStudioVersion = 16.0.30011.22
MinimumVisualStudioVersion = 15.0.26124.0
Project("{2150E333-8FDC-42A3-9474-1A3956D46DE8}") = "QaR.Finder.Mobile", "QaR.Finder.Mobile", "{7288F0B1-69CA-4EAC-9422-F4F0C603E91D}"
EndProject
Project("{9A19103F-16F7-4668-BE54-9A1E7A4F7556}") = "QaR.Finder.Mobile", "QaR.Finder.Mobile\QaR.Finder.Mobile\QaR.Finder.Mobile.csproj", "{CE16A3E9-D32A-4AFA-B5FA-2E0DBCB2DA2B}"
EndProject
Project("{FAE04EC0-301F-11D3-BF4B-00C04F79EFBC}") = "QaR.Finder.Mobile.Android", "QaR.Finder.Mobile\QaR.Finder.Mobile.Android\QaR.Finder.Mobile.Android.csproj", "{8B13F9B3-6443-47D1-8146-199E099A80A8}"
EndProject
Global
	GlobalSection(SolutionConfigurationPlatforms) = preSolution
		Debug|Any CPU = Debug|Any CPU
		Release|Any CPU = Release|Any CPU
	EndGlobalSection
	GlobalSection(ProjectConfigurationPlatforms) = postSolution
		{CE16A3E9-D32A-4AFA-B5FA-2E0DBCB2DA2B}.Debug|Any CPU.ActiveCfg = Debug|Any CPU
		{CE16A3E9-D32A-4AFA-B5FA-2E0DBCB2DA2B}.Debug|Any CPU.Build.0 = Debug|Any CPU
		{CE16A3E9-D32A-4AFA-B5FA-2E0DBCB2DA2B}.Release|Any CPU.ActiveCfg = Release|Any CPU
		{CE16A3E9-D32A-4AFA-B5FA-2E0DBCB2DA2B}.Release|Any CPU.Build.0 = Release|Any CPU
		{8B13F9B3-6443-47D1-8146-199E099A80A8}.Debug|Any CPU.ActiveCfg = Debug|Any CPU
		{8B13F9B3-6443-47D1-8146-199E099A80A8}.Debug|Any CPU.Build.0 = Debug|Any CPU
		{8B13F9B3-6443-47D1-8146-199E099A80A8}.Debug|Any CPU.Deploy.0 = Debug|Any CPU
		{8B13F9B3-6443-47D1-8146-199E099A80A8}.Release|Any CPU.ActiveCfg = Release|Any CPU
		{8B13F9B3-6443-47D1-8146-199E099A80A8}.Release|Any CPU.Build.0 = Release|Any CPU
		{8B13F9B3-6443-47D1-8146-199E099A80A8}.Release|Any CPU.Deploy.0 = Release|Any CPU
	EndGlobalSection
	GlobalSection(SolutionProperties) = preSolution
		HideSolutionNode = FALSE
	EndGlobalSection
	GlobalSection(NestedProjects) = preSolution
		{CE16A3E9-D32A-4AFA-B5FA-2E0DBCB2DA2B} = {7288F0B1-69CA-4EAC-9422-F4F0C603E91D}
		{8B13F9B3-6443-47D1-8146-199E099A80A8} = {7288F0B1-69CA-4EAC-9422-F4F0C603E91D}
	EndGlobalSection
	GlobalSection(ExtensibilityGlobals) = postSolution
		SolutionGuid = {8819C5A0-D776-4DB3-9480-AED91E028BFE}
	EndGlobalSection
EndGlobal
